
Microsoft Visual Studio Solution File, Format Version 12.00
# Visual Studio 14
VisualStudioVersion = 14.0.24720.0
MinimumVisualStudioVersion = 10.0.40219.1
Project("{FAE04EC0-301F-11D3-BF4B-00C04F79EFBC}") = "HttpCommand", "HttpCommand\HttpCommand.csproj", "{7EBC96AD-20C9-4638-9537-ED26F3630151}"
EndProject
Project("{FAE04EC0-301F-11D3-BF4B-00C04F79EFBC}") = "HttpCommandTest", "HttpCommandTest\HttpCommandTest.csproj", "{AEC41BB5-16D5-40BB-A0FC-53D75973D136}"
EndProject
Global
	GlobalSection(SolutionConfigurationPlatforms) = preSolution
		Debug|Any CPU = Debug|Any CPU
		Debug|x86 = Debug|x86
		Release|Any CPU = Release|Any CPU
		Release|x86 = Release|x86
	EndGlobalSection
	GlobalSection(ProjectConfigurationPlatforms) = postSolution
		{7EBC96AD-20C9-4638-9537-ED26F3630151}.Debug|Any CPU.ActiveCfg = Debug|Any CPU
		{7EBC96AD-20C9-4638-9537-ED26F3630151}.Debug|Any CPU.Build.0 = Debug|Any CPU
		{7EBC96AD-20C9-4638-9537-ED26F3630151}.Debug|x86.ActiveCfg = Debug|Any CPU
		{7EBC96AD-20C9-4638-9537-ED26F3630151}.Debug|x86.Build.0 = Debug|Any CPU
		{7EBC96AD-20C9-4638-9537-ED26F3630151}.Release|Any CPU.ActiveCfg = Release|Any CPU
		{7EBC96AD-20C9-4638-9537-ED26F3630151}.Release|Any CPU.Build.0 = Release|Any CPU
		{7EBC96AD-20C9-4638-9537-ED26F3630151}.Release|x86.ActiveCfg = Release|Any CPU
		{7EBC96AD-20C9-4638-9537-ED26F3630151}.Release|x86.Build.0 = Release|Any CPU
		{AEC41BB5-16D5-40BB-A0FC-53D75973D136}.Debug|Any CPU.ActiveCfg = Debug|Any CPU
		{AEC41BB5-16D5-40BB-A0FC-53D75973D136}.Debug|Any CPU.Build.0 = Debug|Any CPU
		{AEC41BB5-16D5-40BB-A0FC-53D75973D136}.Debug|x86.ActiveCfg = Debug|Any CPU
		{AEC41BB5-16D5-40BB-A0FC-53D75973D136}.Debug|x86.Build.0 = Debug|Any CPU
		{AEC41BB5-16D5-40BB-A0FC-53D75973D136}.Release|Any CPU.ActiveCfg = Release|Any CPU
		{AEC41BB5-16D5-40BB-A0FC-53D75973D136}.Release|Any CPU.Build.0 = Release|Any CPU
		{AEC41BB5-16D5-40BB-A0FC-53D75973D136}.Release|x86.ActiveCfg = Release|Any CPU
		{AEC41BB5-16D5-40BB-A0FC-53D75973D136}.Release|x86.Build.0 = Release|Any CPU
	EndGlobalSection
	GlobalSection(SolutionProperties) = preSolution
		HideSolutionNode = FALSE
	EndGlobalSection
EndGlobal
